// !$*UTF8*$!
{
	archiveVersion = 1;
	classes = {
	};
	objectVersion = 55;
	objects = {

/* Begin PBXBuildFile section */
		8586253329C4CF2C005FF1C9 /* MusicByLocation.swift in Sources */ = {isa = PBXBuildFile; fileRef = 8586253229C4CF2C005FF1C9 /* MusicByLocation.swift */; };
		CAD0639A29C4B4B800A4D200 /* api_taskApp.swift in Sources */ = {isa = PBXBuildFile; fileRef = CAD0639929C4B4B800A4D200 /* api_taskApp.swift */; };
		CAD0639C29C4B4B800A4D200 /* ContentView.swift in Sources */ = {isa = PBXBuildFile; fileRef = CAD0639B29C4B4B800A4D200 /* ContentView.swift */; };
		CAD0639E29C4B4BA00A4D200 /* Assets.xcassets in Resources */ = {isa = PBXBuildFile; fileRef = CAD0639D29C4B4BA00A4D200 /* Assets.xcassets */; };
		CAD063A129C4B4BA00A4D200 /* Preview Assets.xcassets in Resources */ = {isa = PBXBuildFile; fileRef = CAD063A029C4B4BA00A4D200 /* Preview Assets.xcassets */; };
		CAD063AB29C4B4BA00A4D200 /* api_taskTests.swift in Sources */ = {isa = PBXBuildFile; fileRef = CAD063AA29C4B4BA00A4D200 /* api_taskTests.swift */; };
		CAD063B529C4B4BA00A4D200 /* api_taskUITests.swift in Sources */ = {isa = PBXBuildFile; fileRef = CAD063B429C4B4BA00A4D200 /* api_taskUITests.swift */; };
		CAD063B729C4B4BA00A4D200 /* api_taskUITestsLaunchTests.swift in Sources */ = {isa = PBXBuildFile; fileRef = CAD063B629C4B4BA00A4D200 /* api_taskUITestsLaunchTests.swift */; };
		CAD063C529C4BB4900A4D200 /* apiController.swift in Sources */ = {isa = PBXBuildFile; fileRef = CAD063C429C4BB4900A4D200 /* apiController.swift */; };
/* End PBXBuildFile section */

/* Begin PBXContainerItemProxy section */
		CAD063A729C4B4BA00A4D200 /* PBXContainerItemProxy */ = {
			isa = PBXContainerItemProxy;
			containerPortal = CAD0638E29C4B4B700A4D200 /* Project object */;
			proxyType = 1;
			remoteGlobalIDString = CAD0639529C4B4B700A4D200;
			remoteInfo = "api-task";
		};
		CAD063B129C4B4BA00A4D200 /* PBXContainerItemProxy */ = {
			isa = PBXContainerItemProxy;
			containerPortal = CAD0638E29C4B4B700A4D200 /* Project object */;
			proxyType = 1;
			remoteGlobalIDString = CAD0639529C4B4B700A4D200;
			remoteInfo = "api-task";
		};
/* End PBXContainerItemProxy section */

/* Begin PBXFileReference section */
		8586253229C4CF2C005FF1C9 /* MusicByLocation.swift */ = {isa = PBXFileReference; lastKnownFileType = sourcecode.swift; path = MusicByLocation.swift; sourceTree = "<group>"; };
		CAD0639629C4B4B800A4D200 /* api-task.app */ = {isa = PBXFileReference; explicitFileType = wrapper.application; includeInIndex = 0; path = "api-task.app"; sourceTree = BUILT_PRODUCTS_DIR; };
		CAD0639929C4B4B800A4D200 /* api_taskApp.swift */ = {isa = PBXFileReference; lastKnownFileType = sourcecode.swift; path = api_taskApp.swift; sourceTree = "<group>"; };
		CAD0639B29C4B4B800A4D200 /* ContentView.swift */ = {isa = PBXFileReference; lastKnownFileType = sourcecode.swift; path = ContentView.swift; sourceTree = "<group>"; };
		CAD0639D29C4B4BA00A4D200 /* Assets.xcassets */ = {isa = PBXFileReference; lastKnownFileType = folder.assetcatalog; path = Assets.xcassets; sourceTree = "<group>"; };
		CAD063A029C4B4BA00A4D200 /* Preview Assets.xcassets */ = {isa = PBXFileReference; lastKnownFileType = folder.assetcatalog; path = "Preview Assets.xcassets"; sourceTree = "<group>"; };
		CAD063A629C4B4BA00A4D200 /* api-taskTests.xctest */ = {isa = PBXFileReference; explicitFileType = wrapper.cfbundle; includeInIndex = 0; path = "api-taskTests.xctest"; sourceTree = BUILT_PRODUCTS_DIR; };
		CAD063AA29C4B4BA00A4D200 /* api_taskTests.swift */ = {isa = PBXFileReference; lastKnownFileType = sourcecode.swift; path = api_taskTests.swift; sourceTree = "<group>"; };
		CAD063B029C4B4BA00A4D200 /* api-taskUITests.xctest */ = {isa = PBXFileReference; explicitFileType = wrapper.cfbundle; includeInIndex = 0; path = "api-taskUITests.xctest"; sourceTree = BUILT_PRODUCTS_DIR; };
		CAD063B429C4B4BA00A4D200 /* api_taskUITests.swift */ = {isa = PBXFileReference; lastKnownFileType = sourcecode.swift; path = api_taskUITests.swift; sourceTree = "<group>"; };
		CAD063B629C4B4BA00A4D200 /* api_taskUITestsLaunchTests.swift */ = {isa = PBXFileReference; lastKnownFileType = sourcecode.swift; path = api_taskUITestsLaunchTests.swift; sourceTree = "<group>"; };
		CAD063C429C4BB4900A4D200 /* apiController.swift */ = {isa = PBXFileReference; lastKnownFileType = sourcecode.swift; path = apiController.swift; sourceTree = "<group>"; };
/* End PBXFileReference section */

/* Begin PBXFrameworksBuildPhase section */
		CAD0639329C4B4B700A4D200 /* Frameworks */ = {
			isa = PBXFrameworksBuildPhase;
			buildActionMask = 2147483647;
			files = (
			);
			runOnlyForDeploymentPostprocessing = 0;
		};
		CAD063A329C4B4BA00A4D200 /* Frameworks */ = {
			isa = PBXFrameworksBuildPhase;
			buildActionMask = 2147483647;
			files = (
			);
			runOnlyForDeploymentPostprocessing = 0;
		};
		CAD063AD29C4B4BA00A4D200 /* Frameworks */ = {
			isa = PBXFrameworksBuildPhase;
			buildActionMask = 2147483647;
			files = (
			);
			runOnlyForDeploymentPostprocessing = 0;
		};
/* End PBXFrameworksBuildPhase section */

/* Begin PBXGroup section */
		CAD0638D29C4B4B700A4D200 = {
			isa = PBXGroup;
			children = (
				CAD0639829C4B4B800A4D200 /* api-task */,
				CAD063A929C4B4BA00A4D200 /* api-taskTests */,
				CAD063B329C4B4BA00A4D200 /* api-taskUITests */,
				CAD0639729C4B4B800A4D200 /* Products */,
			);
			sourceTree = "<group>";
		};
		CAD0639729C4B4B800A4D200 /* Products */ = {
			isa = PBXGroup;
			children = (
				CAD0639629C4B4B800A4D200 /* api-task.app */,
				CAD063A629C4B4BA00A4D200 /* api-taskTests.xctest */,
				CAD063B029C4B4BA00A4D200 /* api-taskUITests.xctest */,
			);
			name = Products;
			sourceTree = "<group>";
		};
		CAD0639829C4B4B800A4D200 /* api-task */ = {
			isa = PBXGroup;
			children = (
				CAD063C329C4BAD600A4D200 /* Models */,
				CAD0639929C4B4B800A4D200 /* api_taskApp.swift */,
				CAD0639B29C4B4B800A4D200 /* ContentView.swift */,
				CAD0639D29C4B4BA00A4D200 /* Assets.xcassets */,
				CAD0639F29C4B4BA00A4D200 /* Preview Content */,
			);
			path = "api-task";
			sourceTree = "<group>";
		};
		CAD0639F29C4B4BA00A4D200 /* Preview Content */ = {
			isa = PBXGroup;
			children = (
				CAD063A029C4B4BA00A4D200 /* Preview Assets.xcassets */,
			);
			path = "Preview Content";
			sourceTree = "<group>";
		};
		CAD063A929C4B4BA00A4D200 /* api-taskTests */ = {
			isa = PBXGroup;
			children = (
				CAD063AA29C4B4BA00A4D200 /* api_taskTests.swift */,
			);
			path = "api-taskTests";
			sourceTree = "<group>";
		};
		CAD063B329C4B4BA00A4D200 /* api-taskUITests */ = {
			isa = PBXGroup;
			children = (
				CAD063B429C4B4BA00A4D200 /* api_taskUITests.swift */,
				CAD063B629C4B4BA00A4D200 /* api_taskUITestsLaunchTests.swift */,
			);
			path = "api-taskUITests";
			sourceTree = "<group>";
		};
		CAD063C329C4BAD600A4D200 /* Models */ = {
			isa = PBXGroup;
			children = (
				CAD063C429C4BB4900A4D200 /* apiController.swift */,
				8586253229C4CF2C005FF1C9 /* MusicByLocation.swift */,
			);
			path = Models;
			sourceTree = "<group>";
		};
/* End PBXGroup section */

/* Begin PBXNativeTarget section */
		CAD0639529C4B4B700A4D200 /* api-task */ = {
			isa = PBXNativeTarget;
			buildConfigurationList = CAD063BA29C4B4BA00A4D200 /* Build configuration list for PBXNativeTarget "api-task" */;
			buildPhases = (
				CAD0639229C4B4B700A4D200 /* Sources */,
				CAD0639329C4B4B700A4D200 /* Frameworks */,
				CAD0639429C4B4B700A4D200 /* Resources */,
			);
			buildRules = (
			);
			dependencies = (
			);
			name = "api-task";
			productName = "api-task";
			productReference = CAD0639629C4B4B800A4D200 /* api-task.app */;
			productType = "com.apple.product-type.application";
		};
		CAD063A529C4B4BA00A4D200 /* api-taskTests */ = {
			isa = PBXNativeTarget;
			buildConfigurationList = CAD063BD29C4B4BA00A4D200 /* Build configuration list for PBXNativeTarget "api-taskTests" */;
			buildPhases = (
				CAD063A229C4B4BA00A4D200 /* Sources */,
				CAD063A329C4B4BA00A4D200 /* Frameworks */,
				CAD063A429C4B4BA00A4D200 /* Resources */,
			);
			buildRules = (
			);
			dependencies = (
				CAD063A829C4B4BA00A4D200 /* PBXTargetDependency */,
			);
			name = "api-taskTests";
			productName = "api-taskTests";
			productReference = CAD063A629C4B4BA00A4D200 /* api-taskTests.xctest */;
			productType = "com.apple.product-type.bundle.unit-test";
		};
		CAD063AF29C4B4BA00A4D200 /* api-taskUITests */ = {
			isa = PBXNativeTarget;
			buildConfigurationList = CAD063C029C4B4BA00A4D200 /* Build configuration list for PBXNativeTarget "api-taskUITests" */;
			buildPhases = (
				CAD063AC29C4B4BA00A4D200 /* Sources */,
				CAD063AD29C4B4BA00A4D200 /* Frameworks */,
				CAD063AE29C4B4BA00A4D200 /* Resources */,
			);
			buildRules = (
			);
			dependencies = (
				CAD063B229C4B4BA00A4D200 /* PBXTargetDependency */,
			);
			name = "api-taskUITests";
			productName = "api-taskUITests";
			productReference = CAD063B029C4B4BA00A4D200 /* api-taskUITests.xctest */;
			productType = "com.apple.product-type.bundle.ui-testing";
		};
/* End PBXNativeTarget section */

/* Begin PBXProject section */
		CAD0638E29C4B4B700A4D200 /* Project object */ = {
			isa = PBXProject;
			attributes = {
				BuildIndependentTargetsInParallel = 1;
				LastSwiftUpdateCheck = 1320;
				LastUpgradeCheck = 1320;
				TargetAttributes = {
					CAD0639529C4B4B700A4D200 = {
						CreatedOnToolsVersion = 13.2.1;
					};
					CAD063A529C4B4BA00A4D200 = {
						CreatedOnToolsVersion = 13.2.1;
						TestTargetID = CAD0639529C4B4B700A4D200;
					};
					CAD063AF29C4B4BA00A4D200 = {
						CreatedOnToolsVersion = 13.2.1;
						TestTargetID = CAD0639529C4B4B700A4D200;
					};
				};
			};
			buildConfigurationList = CAD0639129C4B4B700A4D200 /* Build configuration list for PBXProject "api-task" */;
			compatibilityVersion = "Xcode 13.0";
			developmentRegion = en;
			hasScannedForEncodings = 0;
			knownRegions = (
				en,
				Base,
			);
			mainGroup = CAD0638D29C4B4B700A4D200;
			productRefGroup = CAD0639729C4B4B800A4D200 /* Products */;
			projectDirPath = "";
			projectRoot = "";
			targets = (
				CAD0639529C4B4B700A4D200 /* api-task */,
				CAD063A529C4B4BA00A4D200 /* api-taskTests */,
				CAD063AF29C4B4BA00A4D200 /* api-taskUITests */,
			);
		};
/* End PBXProject section */

/* Begin PBXResourcesBuildPhase section */
		CAD0639429C4B4B700A4D200 /* Resources */ = {
			isa = PBXResourcesBuildPhase;
			buildActionMask = 2147483647;
			files = (
				CAD063A129C4B4BA00A4D200 /* Preview Assets.xcassets in Resources */,
				CAD0639E29C4B4BA00A4D200 /* Assets.xcassets in Resources */,
			);
			runOnlyForDeploymentPostprocessing = 0;
		};
		CAD063A429C4B4BA00A4D200 /* Resources */ = {
			isa = PBXResourcesBuildPhase;
			buildActionMask = 2147483647;
			files = (
			);
			runOnlyForDeploymentPostprocessing = 0;
		};
		CAD063AE29C4B4BA00A4D200 /* Resources */ = {
			isa = PBXResourcesBuildPhase;
			buildActionMask = 2147483647;
			files = (
			);
			runOnlyForDeploymentPostprocessing = 0;
		};
/* End PBXResourcesBuildPhase section */

/* Begin PBXSourcesBuildPhase section */
		CAD0639229C4B4B700A4D200 /* Sources */ = {
			isa = PBXSourcesBuildPhase;
			buildActionMask = 2147483647;
			files = (
				CAD0639C29C4B4B800A4D200 /* ContentView.swift in Sources */,
				8586253329C4CF2C005FF1C9 /* MusicByLocation.swift in Sources */,
				CAD063C529C4BB4900A4D200 /* apiController.swift in Sources */,
				CAD0639A29C4B4B800A4D200 /* api_taskApp.swift in Sources */,
			);
			runOnlyForDeploymentPostprocessing = 0;
		};
		CAD063A229C4B4BA00A4D200 /* Sources */ = {
			isa = PBXSourcesBuildPhase;
			buildActionMask = 2147483647;
			files = (
				CAD063AB29C4B4BA00A4D200 /* api_taskTests.swift in Sources */,
			);
			runOnlyForDeploymentPostprocessing = 0;
		};
		CAD063AC29C4B4BA00A4D200 /* Sources */ = {
			isa = PBXSourcesBuildPhase;
			buildActionMask = 2147483647;
			files = (
				CAD063B729C4B4BA00A4D200 /* api_taskUITestsLaunchTests.swift in Sources */,
				CAD063B529C4B4BA00A4D200 /* api_taskUITests.swift in Sources */,
			);
			runOnlyForDeploymentPostprocessing = 0;
		};
/* End PBXSourcesBuildPhase section */

/* Begin PBXTargetDependency section */
		CAD063A829C4B4BA00A4D200 /* PBXTargetDependency */ = {
			isa = PBXTargetDependency;
			target = CAD0639529C4B4B700A4D200 /* api-task */;
			targetProxy = CAD063A729C4B4BA00A4D200 /* PBXContainerItemProxy */;
		};
		CAD063B229C4B4BA00A4D200 /* PBXTargetDependency */ = {
			isa = PBXTargetDependency;
			target = CAD0639529C4B4B700A4D200 /* api-task */;
			targetProxy = CAD063B129C4B4BA00A4D200 /* PBXContainerItemProxy */;
		};
/* End PBXTargetDependency section */

/* Begin XCBuildConfiguration section */
		CAD063B829C4B4BA00A4D200 /* Debug */ = {
			isa = XCBuildConfiguration;
			buildSettings = {
				ALWAYS_SEARCH_USER_PATHS = NO;
				CLANG_ANALYZER_NONNULL = YES;
				CLANG_ANALYZER_NUMBER_OBJECT_CONVERSION = YES_AGGRESSIVE;
				CLANG_CXX_LANGUAGE_STANDARD = "gnu++17";
				CLANG_CXX_LIBRARY = "libc++";
				CLANG_ENABLE_MODULES = YES;
				CLANG_ENABLE_OBJC_ARC = YES;
				CLANG_ENABLE_OBJC_WEAK = YES;
				CLANG_WARN_BLOCK_CAPTURE_AUTORELEASING = YES;
				CLANG_WARN_BOOL_CONVERSION = YES;
				CLANG_WARN_COMMA = YES;
				CLANG_WARN_CONSTANT_CONVERSION = YES;
				CLANG_WARN_DEPRECATED_OBJC_IMPLEMENTATIONS = YES;
				CLANG_WARN_DIRECT_OBJC_ISA_USAGE = YES_ERROR;
				CLANG_WARN_DOCUMENTATION_COMMENTS = YES;
				CLANG_WARN_EMPTY_BODY = YES;
				CLANG_WARN_ENUM_CONVERSION = YES;
				CLANG_WARN_INFINITE_RECURSION = YES;
				CLANG_WARN_INT_CONVERSION = YES;
				CLANG_WARN_NON_LITERAL_NULL_CONVERSION = YES;
				CLANG_WARN_OBJC_IMPLICIT_RETAIN_SELF = YES;
				CLANG_WARN_OBJC_LITERAL_CONVERSION = YES;
				CLANG_WARN_OBJC_ROOT_CLASS = YES_ERROR;
				CLANG_WARN_QUOTED_INCLUDE_IN_FRAMEWORK_HEADER = YES;
				CLANG_WARN_RANGE_LOOP_ANALYSIS = YES;
				CLANG_WARN_STRICT_PROTOTYPES = YES;
				CLANG_WARN_SUSPICIOUS_MOVE = YES;
				CLANG_WARN_UNGUARDED_AVAILABILITY = YES_AGGRESSIVE;
				CLANG_WARN_UNREACHABLE_CODE = YES;
				CLANG_WARN__DUPLICATE_METHOD_MATCH = YES;
				COPY_PHASE_STRIP = NO;
				DEBUG_INFORMATION_FORMAT = dwarf;
				ENABLE_STRICT_OBJC_MSGSEND = YES;
				ENABLE_TESTABILITY = YES;
				GCC_C_LANGUAGE_STANDARD = gnu11;
				GCC_DYNAMIC_NO_PIC = NO;
				GCC_NO_COMMON_BLOCKS = YES;
				GCC_OPTIMIZATION_LEVEL = 0;
				GCC_PREPROCESSOR_DEFINITIONS = (
					"DEBUG=1",
					"$(inherited)",
				);
				GCC_WARN_64_TO_32_BIT_CONVERSION = YES;
				GCC_WARN_ABOUT_RETURN_TYPE = YES_ERROR;
				GCC_WARN_UNDECLARED_SELECTOR = YES;
				GCC_WARN_UNINITIALIZED_AUTOS = YES_AGGRESSIVE;
				GCC_WARN_UNUSED_FUNCTION = YES;
				GCC_WARN_UNUSED_VARIABLE = YES;
				IPHONEOS_DEPLOYMENT_TARGET = 15.2;
				MTL_ENABLE_DEBUG_INFO = INCLUDE_SOURCE;
				MTL_FAST_MATH = YES;
				ONLY_ACTIVE_ARCH = YES;
				SDKROOT = iphoneos;
				SWIFT_ACTIVE_COMPILATION_CONDITIONS = DEBUG;
				SWIFT_OPTIMIZATION_LEVEL = "-Onone";
			};
			name = Debug;
		};
		CAD063B929C4B4BA00A4D200 /* Release */ = {
			isa = XCBuildConfiguration;
			buildSettings = {
				ALWAYS_SEARCH_USER_PATHS = NO;
				CLANG_ANALYZER_NONNULL = YES;
				CLANG_ANALYZER_NUMBER_OBJECT_CONVERSION = YES_AGGRESSIVE;
				CLANG_CXX_LANGUAGE_STANDARD = "gnu++17";
				CLANG_CXX_LIBRARY = "libc++";
				CLANG_ENABLE_MODULES = YES;
				CLANG_ENABLE_OBJC_ARC = YES;
				CLANG_ENABLE_OBJC_WEAK = YES;
				CLANG_WARN_BLOCK_CAPTURE_AUTORELEASING = YES;
				CLANG_WARN_BOOL_CONVERSION = YES;
				CLANG_WARN_COMMA = YES;
				CLANG_WARN_CONSTANT_CONVERSION = YES;
				CLANG_WARN_DEPRECATED_OBJC_IMPLEMENTATIONS = YES;
				CLANG_WARN_DIRECT_OBJC_ISA_USAGE = YES_ERROR;
				CLANG_WARN_DOCUMENTATION_COMMENTS = YES;
				CLANG_WARN_EMPTY_BODY = YES;
				CLANG_WARN_ENUM_CONVERSION = YES;
				CLANG_WARN_INFINITE_RECURSION = YES;
				CLANG_WARN_INT_CONVERSION = YES;
				CLANG_WARN_NON_LITERAL_NULL_CONVERSION = YES;
				CLANG_WARN_OBJC_IMPLICIT_RETAIN_SELF = YES;
				CLANG_WARN_OBJC_LITERAL_CONVERSION = YES;
				CLANG_WARN_OBJC_ROOT_CLASS = YES_ERROR;
				CLANG_WARN_QUOTED_INCLUDE_IN_FRAMEWORK_HEADER = YES;
				CLANG_WARN_RANGE_LOOP_ANALYSIS = YES;
				CLANG_WARN_STRICT_PROTOTYPES = YES;
				CLANG_WARN_SUSPICIOUS_MOVE = YES;
				CLANG_WARN_UNGUARDED_AVAILABILITY = YES_AGGRESSIVE;
				CLANG_WARN_UNREACHABLE_CODE = YES;
				CLANG_WARN__DUPLICATE_METHOD_MATCH = YES;
				COPY_PHASE_STRIP = NO;
				DEBUG_INFORMATION_FORMAT = "dwarf-with-dsym";
				ENABLE_NS_ASSERTIONS = NO;
				ENABLE_STRICT_OBJC_MSGSEND = YES;
				GCC_C_LANGUAGE_STANDARD = gnu11;
				GCC_NO_COMMON_BLOCKS = YES;
				GCC_WARN_64_TO_32_BIT_CONVERSION = YES;
				GCC_WARN_ABOUT_RETURN_TYPE = YES_ERROR;
				GCC_WARN_UNDECLARED_SELECTOR = YES;
				GCC_WARN_UNINITIALIZED_AUTOS = YES_AGGRESSIVE;
				GCC_WARN_UNUSED_FUNCTION = YES;
				GCC_WARN_UNUSED_VARIABLE = YES;
				IPHONEOS_DEPLOYMENT_TARGET = 15.2;
				MTL_ENABLE_DEBUG_INFO = NO;
				MTL_FAST_MATH = YES;
				SDKROOT = iphoneos;
				SWIFT_COMPILATION_MODE = wholemodule;
				SWIFT_OPTIMIZATION_LEVEL = "-O";
				VALIDATE_PRODUCT = YES;
			};
			name = Release;
		};
		CAD063BB29C4B4BA00A4D200 /* Debug */ = {
			isa = XCBuildConfiguration;
			buildSettings = {
				ASSETCATALOG_COMPILER_APPICON_NAME = AppIcon;
				ASSETCATALOG_COMPILER_GLOBAL_ACCENT_COLOR_NAME = AccentColor;
				CODE_SIGN_STYLE = Automatic;
				CURRENT_PROJECT_VERSION = 1;
				DEVELOPMENT_ASSET_PATHS = "\"api-task/Preview Content\"";
				DEVELOPMENT_TEAM = RQGV8S95G2;
				ENABLE_PREVIEWS = YES;
				GENERATE_INFOPLIST_FILE = YES;
				INFOPLIST_KEY_UIApplicationSceneManifest_Generation = YES;
				INFOPLIST_KEY_UIApplicationSupportsIndirectInputEvents = YES;
				INFOPLIST_KEY_UILaunchScreen_Generation = YES;
				INFOPLIST_KEY_UISupportedInterfaceOrientations_iPad = "UIInterfaceOrientationPortrait UIInterfaceOrientationPortraitUpsideDown UIInterfaceOrientationLandscapeLeft UIInterfaceOrientationLandscapeRight";
				INFOPLIST_KEY_UISupportedInterfaceOrientations_iPhone = "UIInterfaceOrientationPortrait UIInterfaceOrientationLandscapeLeft UIInterfaceOrientationLandscapeRight";
				LD_RUNPATH_SEARCH_PATHS = (
					"$(inherited)",
					"@executable_path/Frameworks",
				);
				MARKETING_VERSION = 1.0;
				PRODUCT_BUNDLE_IDENTIFIER = "wildman.l.api-task";
				PRODUCT_NAME = "$(TARGET_NAME)";
				SWIFT_EMIT_LOC_STRINGS = YES;
				SWIFT_VERSION = 5.0;
				TARGETED_DEVICE_FAMILY = "1,2";
			};
			name = Debug;
		};
		CAD063BC29C4B4BA00A4D200 /* Release */ = {
			isa = XCBuildConfiguration;
			buildSettings = {
				ASSETCATALOG_COMPILER_APPICON_NAME = AppIcon;
				ASSETCATALOG_COMPILER_GLOBAL_ACCENT_COLOR_NAME = AccentColor;
				CODE_SIGN_STYLE = Automatic;
				CURRENT_PROJECT_VERSION = 1;
				DEVELOPMENT_ASSET_PATHS = "\"api-task/Preview Content\"";
				DEVELOPMENT_TEAM = RQGV8S95G2;
				ENABLE_PREVIEWS = YES;
				GENERATE_INFOPLIST_FILE = YES;
				INFOPLIST_KEY_UIApplicationSceneManifest_Generation = YES;
				INFOPLIST_KEY_UIApplicationSupportsIndirectInputEvents = YES;
				INFOPLIST_KEY_UILaunchScreen_Generation = YES;
				INFOPLIST_KEY_UISupportedInterfaceOrientations_iPad = "UIInterfaceOrientationPortrait UIInterfaceOrientationPortraitUpsideDown UIInterfaceOrientationLandscapeLeft UIInterfaceOrientationLandscapeRight";
				INFOPLIST_KEY_UISupportedInterfaceOrientations_iPhone = "UIInterfaceOrientationPortrait UIInterfaceOrientationLandscapeLeft UIInterfaceOrientationLandscapeRight";
				LD_RUNPATH_SEARCH_PATHS = (
					"$(inherited)",
					"@executable_path/Frameworks",
				);
				MARKETING_VERSION = 1.0;
				PRODUCT_BUNDLE_IDENTIFIER = "wildman.l.api-task";
				PRODUCT_NAME = "$(TARGET_NAME)";
				SWIFT_EMIT_LOC_STRINGS = YES;
				SWIFT_VERSION = 5.0;
				TARGETED_DEVICE_FAMILY = "1,2";
			};
			name = Release;
		};
		CAD063BE29C4B4BA00A4D200 /* Debug */ = {
			isa = XCBuildConfiguration;
			buildSettings = {
				ALWAYS_EMBED_SWIFT_STANDARD_LIBRARIES = YES;
				BUNDLE_LOADER = "$(TEST_HOST)";
				CODE_SIGN_STYLE = Automatic;
				CURRENT_PROJECT_VERSION = 1;
				DEVELOPMENT_TEAM = RQGV8S95G2;
				GENERATE_INFOPLIST_FILE = YES;
				IPHONEOS_DEPLOYMENT_TARGET = 15.2;
				MARKETING_VERSION = 1.0;
				PRODUCT_BUNDLE_IDENTIFIER = "wildman.l.api-taskTests";
				PRODUCT_NAME = "$(TARGET_NAME)";
				SWIFT_EMIT_LOC_STRINGS = NO;
				SWIFT_VERSION = 5.0;
				TARGETED_DEVICE_FAMILY = "1,2";
				TEST_HOST = "$(BUILT_PRODUCTS_DIR)/api-task.app/api-task";
			};
			name = Debug;
		};
		CAD063BF29C4B4BA00A4D200 /* Release */ = {
			isa = XCBuildConfiguration;
			buildSettings = {
				ALWAYS_EMBED_SWIFT_STANDARD_LIBRARIES = YES;
				BUNDLE_LOADER = "$(TEST_HOST)";
				CODE_SIGN_STYLE = Automatic;
				CURRENT_PROJECT_VERSION = 1;
				DEVELOPMENT_TEAM = RQGV8S95G2;
				GENERATE_INFOPLIST_FILE = YES;
				IPHONEOS_DEPLOYMENT_TARGET = 15.2;
				MARKETING_VERSION = 1.0;
				PRODUCT_BUNDLE_IDENTIFIER = "wildman.l.api-taskTests";
				PRODUCT_NAME = "$(TARGET_NAME)";
				SWIFT_EMIT_LOC_STRINGS = NO;
				SWIFT_VERSION = 5.0;
				TARGETED_DEVICE_FAMILY = "1,2";
				TEST_HOST = "$(BUILT_PRODUCTS_DIR)/api-task.app/api-task";
			};
			name = Release;
		};
		CAD063C129C4B4BA00A4D200 /* Debug */ = {
			isa = XCBuildConfiguration;
			buildSettings = {
				ALWAYS_EMBED_SWIFT_STANDARD_LIBRARIES = YES;
				CODE_SIGN_STYLE = Automatic;
				CURRENT_PROJECT_VERSION = 1;
				DEVELOPMENT_TEAM = RQGV8S95G2;
				GENERATE_INFOPLIST_FILE = YES;
				MARKETING_VERSION = 1.0;
				PRODUCT_BUNDLE_IDENTIFIER = "wildman.l.api-taskUITests";
				PRODUCT_NAME = "$(TARGET_NAME)";
				SWIFT_EMIT_LOC_STRINGS = NO;
				SWIFT_VERSION = 5.0;
				TARGETED_DEVICE_FAMILY = "1,2";
				TEST_TARGET_NAME = "api-task";
			};
			name = Debug;
		};
		CAD063C229C4B4BA00A4D200 /* Release */ = {
			isa = XCBuildConfiguration;
			buildSettings = {
				ALWAYS_EMBED_SWIFT_STANDARD_LIBRARIES = YES;
				CODE_SIGN_STYLE = Automatic;
				CURRENT_PROJECT_VERSION = 1;
				DEVELOPMENT_TEAM = RQGV8S95G2;
				GENERATE_INFOPLIST_FILE = YES;
				MARKETING_VERSION = 1.0;
				PRODUCT_BUNDLE_IDENTIFIER = "wildman.l.api-taskUITests";
				PRODUCT_NAME = "$(TARGET_NAME)";
				SWIFT_EMIT_LOC_STRINGS = NO;
				SWIFT_VERSION = 5.0;
				TARGETED_DEVICE_FAMILY = "1,2";
				TEST_TARGET_NAME = "api-task";
			};
			name = Release;
		};
/* End XCBuildConfiguration section */

/* Begin XCConfigurationList section */
		CAD0639129C4B4B700A4D200 /* Build configuration list for PBXProject "api-task" */ = {
			isa = XCConfigurationList;
			buildConfigurations = (
				CAD063B829C4B4BA00A4D200 /* Debug */,
				CAD063B929C4B4BA00A4D200 /* Release */,
			);
			defaultConfigurationIsVisible = 0;
			defaultConfigurationName = Release;
		};
		CAD063BA29C4B4BA00A4D200 /* Build configuration list for PBXNativeTarget "api-task" */ = {
			isa = XCConfigurationList;
			buildConfigurations = (
				CAD063BB29C4B4BA00A4D200 /* Debug */,
				CAD063BC29C4B4BA00A4D200 /* Release */,
			);
			defaultConfigurationIsVisible = 0;
			defaultConfigurationName = Release;
		};
		CAD063BD29C4B4BA00A4D200 /* Build configuration list for PBXNativeTarget "api-taskTests" */ = {
			isa = XCConfigurationList;
			buildConfigurations = (
				CAD063BE29C4B4BA00A4D200 /* Debug */,
				CAD063BF29C4B4BA00A4D200 /* Release */,
			);
			defaultConfigurationIsVisible = 0;
			defaultConfigurationName = Release;
		};
		CAD063C029C4B4BA00A4D200 /* Build configuration list for PBXNativeTarget "api-taskUITests" */ = {
			isa = XCConfigurationList;
			buildConfigurations = (
				CAD063C129C4B4BA00A4D200 /* Debug */,
				CAD063C229C4B4BA00A4D200 /* Release */,
			);
			defaultConfigurationIsVisible = 0;
			defaultConfigurationName = Release;
		};
/* End XCConfigurationList section */
	};
	rootObject = CAD0638E29C4B4B700A4D200 /* Project object */;
}
